
Microsoft Visual Studio Solution File, Format Version 12.00
# Visual Studio Version 17
VisualStudioVersion = 17.4.33213.308
MinimumVisualStudioVersion = 10.0.40219.1
Project("{9A19103F-16F7-4668-BE54-9A1E7A4F7556}") = "DevBy", "DevBy\DevBy.csproj", "{E981509C-D90E-42C7-9C61-2F40EF0DD942}"
EndProject
Global
	GlobalSection(SolutionConfigurationPlatforms) = preSolution
		Debug|Any CPU = Debug|Any CPU
		Release|Any CPU = Release|Any CPU
	EndGlobalSection
	GlobalSection(ProjectConfigurationPlatforms) = postSolution
		{E981509C-D90E-42C7-9C61-2F40EF0DD942}.Debug|Any CPU.ActiveCfg = Debug|Any CPU
		{E981509C-D90E-42C7-9C61-2F40EF0DD942}.Debug|Any CPU.Build.0 = Debug|Any CPU
		{E981509C-D90E-42C7-9C61-2F40EF0DD942}.Release|Any CPU.ActiveCfg = Release|Any CPU
		{E981509C-D90E-42C7-9C61-2F40EF0DD942}.Release|Any CPU.Build.0 = Release|Any CPU
	EndGlobalSection
	GlobalSection(SolutionProperties) = preSolution
		HideSolutionNode = FALSE
	EndGlobalSection
	GlobalSection(ExtensibilityGlobals) = postSolution
		SolutionGuid = {516A26A1-87C5-4DFF-9F77-1A0FC6A96171}
	EndGlobalSection
EndGlobal
